
Microsoft Visual Studio Solution File, Format Version 12.00
Project("{FAE04EC0-301F-11D3-BF4B-00C04F79EFBC}") = "OfficeFlow.Word", "OfficeFlow.Word\OfficeFlow.Word.csproj", "{07930673-F733-4620-A786-98E2426B41D1}"
EndProject
Project("{FAE04EC0-301F-11D3-BF4B-00C04F79EFBC}") = "OfficeFlow.Word.OpenXml", "OfficeFlow.Word.OpenXml\OfficeFlow.Word.OpenXml.csproj", "{F526E8F5-73C3-4CF7-87C8-A8938824F306}"
EndProject
Project("{FAE04EC0-301F-11D3-BF4B-00C04F79EFBC}") = "OfficeFlow.Word.Binary", "OfficeFlow.Word.Binary\OfficeFlow.Word.Binary.csproj", "{193952E2-FFAE-4C7C-98AA-31283FB85F55}"
EndProject
Project("{FAE04EC0-301F-11D3-BF4B-00C04F79EFBC}") = "OfficeFlow.DocumentObjectModel", "OfficeFlow.DocumentObjectModel\OfficeFlow.DocumentObjectModel.csproj", "{936A1EC6-104C-44BA-88DB-B84E0AB41A89}"
EndProject
Project("{2150E333-8FDC-42A3-9474-1A3956D46DE8}") = "Word", "Word", "{E91C2EBB-7DAD-4549-B92E-F2F200A6313D}"
EndProject
Project("{2150E333-8FDC-42A3-9474-1A3956D46DE8}") = "Tests", "Tests", "{0BA7BA7C-6042-43CF-9035-367850B75D93}"
EndProject
Project("{2150E333-8FDC-42A3-9474-1A3956D46DE8}") = "Tests", "Tests", "{74DC46E5-E750-4767-B6C7-5DD27CD5A916}"
EndProject
Project("{FAE04EC0-301F-11D3-BF4B-00C04F79EFBC}") = "OfficeFlow.DocumentObjectModel.Tests", "OfficeFlow.DocumentObjectModel.Tests\OfficeFlow.DocumentObjectModel.Tests.csproj", "{A2B8F4A6-8D2D-4F3C-833A-753F2AD27990}"
EndProject
Project("{FAE04EC0-301F-11D3-BF4B-00C04F79EFBC}") = "OfficeFlow.Word.Tests", "OfficeFlow.Word.Tests\OfficeFlow.Word.Tests.csproj", "{508299B6-0DCA-4129-B8B5-8EC2C65EEC05}"
EndProject
Project("{FAE04EC0-301F-11D3-BF4B-00C04F79EFBC}") = "OfficeFlow.Word.Binary.Tests", "OfficeFlow.Word.Binary.Tests\OfficeFlow.Word.Binary.Tests.csproj", "{B3592DEF-999C-4579-A34C-33ECB2B1C7D2}"
EndProject
Project("{FAE04EC0-301F-11D3-BF4B-00C04F79EFBC}") = "OfficeFlow.Word.OpenXml.Tests", "OfficeFlow.Word.OpenXml.Tests\OfficeFlow.Word.OpenXml.Tests.csproj", "{1664D379-1268-4DC9-AE86-0C14990F8385}"
EndProject
Project("{2150E333-8FDC-42A3-9474-1A3956D46DE8}") = "Common", "Common", "{F1255BAA-7968-4ACB-A912-F26ED662E9DF}"
EndProject
Project("{FAE04EC0-301F-11D3-BF4B-00C04F79EFBC}") = "OfficeFlow.MeasureUnits", "OfficeFlow.MeasureUnits\OfficeFlow.MeasureUnits.csproj", "{108184D3-EE1F-4B6F-8877-DAF16BBD9C94}"
EndProject
Project("{FAE04EC0-301F-11D3-BF4B-00C04F79EFBC}") = "OfficeFlow.MeasureUnits.Tests", "OfficeFlow.MeasureUnits.Tests\OfficeFlow.MeasureUnits.Tests.csproj", "{6EF0A784-0599-4739-9231-AB2B30AC1BC3}"
EndProject
Project("{2150E333-8FDC-42A3-9474-1A3956D46DE8}") = ".github", ".github", "{015470CC-5AFB-411C-9B48-95BCE1B0F545}"
EndProject
Project("{2150E333-8FDC-42A3-9474-1A3956D46DE8}") = "workflows", "workflows", "{57851044-5244-4BE5-ABD5-8F1D618E0FEE}"
	ProjectSection(SolutionItems) = preProject
		.github\workflows\main.yaml = .github\workflows\main.yaml
	EndProjectSection
EndProject
Project("{2150E333-8FDC-42A3-9474-1A3956D46DE8}") = "Solution Items", "Solution Items", "{0BD310E9-73BE-4F3D-8349-2374AA2CC8B6}"
	ProjectSection(SolutionItems) = preProject
		.gitignore = .gitignore
		LICENSE.md = LICENSE.md
		README.md = README.md
		Directory.Build.targets = Directory.Build.targets
	EndProjectSection
EndProject
Project("{FAE04EC0-301F-11D3-BF4B-00C04F79EFBC}") = "OfficeFlow.Formats", "OfficeFlow.Formats\OfficeFlow.Formats.csproj", "{C32D693B-4E15-4C9E-BB8B-1C0D110D5A40}"
EndProject
Project("{FAE04EC0-301F-11D3-BF4B-00C04F79EFBC}") = "OfficeFlow.OpenXml", "OfficeFlow.OpenXml\OfficeFlow.OpenXml.csproj", "{2610A1BD-3379-4596-9EEB-F2A49821548A}"
EndProject
Project("{FAE04EC0-301F-11D3-BF4B-00C04F79EFBC}") = "OfficeFlow.OpenXml.Tests", "OfficeFlow.OpenXml.Tests\OfficeFlow.OpenXml.Tests.csproj", "{69D0F3C5-060F-4650-9F09-EE6D208F1000}"
EndProject
Global
	GlobalSection(SolutionConfigurationPlatforms) = preSolution
		Debug|Any CPU = Debug|Any CPU
		Release|Any CPU = Release|Any CPU
	EndGlobalSection
	GlobalSection(ProjectConfigurationPlatforms) = postSolution
		{07930673-F733-4620-A786-98E2426B41D1}.Debug|Any CPU.ActiveCfg = Debug|Any CPU
		{07930673-F733-4620-A786-98E2426B41D1}.Debug|Any CPU.Build.0 = Debug|Any CPU
		{07930673-F733-4620-A786-98E2426B41D1}.Release|Any CPU.ActiveCfg = Release|Any CPU
		{07930673-F733-4620-A786-98E2426B41D1}.Release|Any CPU.Build.0 = Release|Any CPU
		{F526E8F5-73C3-4CF7-87C8-A8938824F306}.Debug|Any CPU.ActiveCfg = Debug|Any CPU
		{F526E8F5-73C3-4CF7-87C8-A8938824F306}.Debug|Any CPU.Build.0 = Debug|Any CPU
		{F526E8F5-73C3-4CF7-87C8-A8938824F306}.Release|Any CPU.ActiveCfg = Release|Any CPU
		{F526E8F5-73C3-4CF7-87C8-A8938824F306}.Release|Any CPU.Build.0 = Release|Any CPU
		{193952E2-FFAE-4C7C-98AA-31283FB85F55}.Debug|Any CPU.ActiveCfg = Debug|Any CPU
		{193952E2-FFAE-4C7C-98AA-31283FB85F55}.Debug|Any CPU.Build.0 = Debug|Any CPU
		{193952E2-FFAE-4C7C-98AA-31283FB85F55}.Release|Any CPU.ActiveCfg = Release|Any CPU
		{193952E2-FFAE-4C7C-98AA-31283FB85F55}.Release|Any CPU.Build.0 = Release|Any CPU
		{936A1EC6-104C-44BA-88DB-B84E0AB41A89}.Debug|Any CPU.ActiveCfg = Debug|Any CPU
		{936A1EC6-104C-44BA-88DB-B84E0AB41A89}.Debug|Any CPU.Build.0 = Debug|Any CPU
		{936A1EC6-104C-44BA-88DB-B84E0AB41A89}.Release|Any CPU.ActiveCfg = Release|Any CPU
		{936A1EC6-104C-44BA-88DB-B84E0AB41A89}.Release|Any CPU.Build.0 = Release|Any CPU
		{A2B8F4A6-8D2D-4F3C-833A-753F2AD27990}.Debug|Any CPU.ActiveCfg = Debug|Any CPU
		{A2B8F4A6-8D2D-4F3C-833A-753F2AD27990}.Debug|Any CPU.Build.0 = Debug|Any CPU
		{A2B8F4A6-8D2D-4F3C-833A-753F2AD27990}.Release|Any CPU.ActiveCfg = Release|Any CPU
		{A2B8F4A6-8D2D-4F3C-833A-753F2AD27990}.Release|Any CPU.Build.0 = Release|Any CPU
		{508299B6-0DCA-4129-B8B5-8EC2C65EEC05}.Debug|Any CPU.ActiveCfg = Debug|Any CPU
		{508299B6-0DCA-4129-B8B5-8EC2C65EEC05}.Debug|Any CPU.Build.0 = Debug|Any CPU
		{508299B6-0DCA-4129-B8B5-8EC2C65EEC05}.Release|Any CPU.ActiveCfg = Release|Any CPU
		{508299B6-0DCA-4129-B8B5-8EC2C65EEC05}.Release|Any CPU.Build.0 = Release|Any CPU
		{B3592DEF-999C-4579-A34C-33ECB2B1C7D2}.Debug|Any CPU.ActiveCfg = Debug|Any CPU
		{B3592DEF-999C-4579-A34C-33ECB2B1C7D2}.Debug|Any CPU.Build.0 = Debug|Any CPU
		{B3592DEF-999C-4579-A34C-33ECB2B1C7D2}.Release|Any CPU.ActiveCfg = Release|Any CPU
		{B3592DEF-999C-4579-A34C-33ECB2B1C7D2}.Release|Any CPU.Build.0 = Release|Any CPU
		{1664D379-1268-4DC9-AE86-0C14990F8385}.Debug|Any CPU.ActiveCfg = Debug|Any CPU
		{1664D379-1268-4DC9-AE86-0C14990F8385}.Debug|Any CPU.Build.0 = Debug|Any CPU
		{1664D379-1268-4DC9-AE86-0C14990F8385}.Release|Any CPU.ActiveCfg = Release|Any CPU
		{1664D379-1268-4DC9-AE86-0C14990F8385}.Release|Any CPU.Build.0 = Release|Any CPU
		{108184D3-EE1F-4B6F-8877-DAF16BBD9C94}.Debug|Any CPU.ActiveCfg = Debug|Any CPU
		{108184D3-EE1F-4B6F-8877-DAF16BBD9C94}.Debug|Any CPU.Build.0 = Debug|Any CPU
		{108184D3-EE1F-4B6F-8877-DAF16BBD9C94}.Release|Any CPU.ActiveCfg = Release|Any CPU
		{108184D3-EE1F-4B6F-8877-DAF16BBD9C94}.Release|Any CPU.Build.0 = Release|Any CPU
		{6EF0A784-0599-4739-9231-AB2B30AC1BC3}.Debug|Any CPU.ActiveCfg = Debug|Any CPU
		{6EF0A784-0599-4739-9231-AB2B30AC1BC3}.Debug|Any CPU.Build.0 = Debug|Any CPU
		{6EF0A784-0599-4739-9231-AB2B30AC1BC3}.Release|Any CPU.ActiveCfg = Release|Any CPU
		{6EF0A784-0599-4739-9231-AB2B30AC1BC3}.Release|Any CPU.Build.0 = Release|Any CPU
		{C32D693B-4E15-4C9E-BB8B-1C0D110D5A40}.Debug|Any CPU.ActiveCfg = Debug|Any CPU
		{C32D693B-4E15-4C9E-BB8B-1C0D110D5A40}.Debug|Any CPU.Build.0 = Debug|Any CPU
		{C32D693B-4E15-4C9E-BB8B-1C0D110D5A40}.Release|Any CPU.ActiveCfg = Release|Any CPU
		{C32D693B-4E15-4C9E-BB8B-1C0D110D5A40}.Release|Any CPU.Build.0 = Release|Any CPU
		{2610A1BD-3379-4596-9EEB-F2A49821548A}.Debug|Any CPU.ActiveCfg = Debug|Any CPU
		{2610A1BD-3379-4596-9EEB-F2A49821548A}.Debug|Any CPU.Build.0 = Debug|Any CPU
		{2610A1BD-3379-4596-9EEB-F2A49821548A}.Release|Any CPU.ActiveCfg = Release|Any CPU
		{2610A1BD-3379-4596-9EEB-F2A49821548A}.Release|Any CPU.Build.0 = Release|Any CPU
		{69D0F3C5-060F-4650-9F09-EE6D208F1000}.Debug|Any CPU.ActiveCfg = Debug|Any CPU
		{69D0F3C5-060F-4650-9F09-EE6D208F1000}.Debug|Any CPU.Build.0 = Debug|Any CPU
		{69D0F3C5-060F-4650-9F09-EE6D208F1000}.Release|Any CPU.ActiveCfg = Release|Any CPU
		{69D0F3C5-060F-4650-9F09-EE6D208F1000}.Release|Any CPU.Build.0 = Release|Any CPU
	EndGlobalSection
	GlobalSection(NestedProjects) = preSolution
		{07930673-F733-4620-A786-98E2426B41D1} = {E91C2EBB-7DAD-4549-B92E-F2F200A6313D}
		{193952E2-FFAE-4C7C-98AA-31283FB85F55} = {E91C2EBB-7DAD-4549-B92E-F2F200A6313D}
		{F526E8F5-73C3-4CF7-87C8-A8938824F306} = {E91C2EBB-7DAD-4549-B92E-F2F200A6313D}
		{0BA7BA7C-6042-43CF-9035-367850B75D93} = {E91C2EBB-7DAD-4549-B92E-F2F200A6313D}
		{A2B8F4A6-8D2D-4F3C-833A-753F2AD27990} = {74DC46E5-E750-4767-B6C7-5DD27CD5A916}
		{508299B6-0DCA-4129-B8B5-8EC2C65EEC05} = {0BA7BA7C-6042-43CF-9035-367850B75D93}
		{B3592DEF-999C-4579-A34C-33ECB2B1C7D2} = {0BA7BA7C-6042-43CF-9035-367850B75D93}
		{1664D379-1268-4DC9-AE86-0C14990F8385} = {0BA7BA7C-6042-43CF-9035-367850B75D93}
		{74DC46E5-E750-4767-B6C7-5DD27CD5A916} = {F1255BAA-7968-4ACB-A912-F26ED662E9DF}
		{936A1EC6-104C-44BA-88DB-B84E0AB41A89} = {F1255BAA-7968-4ACB-A912-F26ED662E9DF}
		{108184D3-EE1F-4B6F-8877-DAF16BBD9C94} = {F1255BAA-7968-4ACB-A912-F26ED662E9DF}
		{6EF0A784-0599-4739-9231-AB2B30AC1BC3} = {74DC46E5-E750-4767-B6C7-5DD27CD5A916}
		{57851044-5244-4BE5-ABD5-8F1D618E0FEE} = {015470CC-5AFB-411C-9B48-95BCE1B0F545}
		{2610A1BD-3379-4596-9EEB-F2A49821548A} = {F1255BAA-7968-4ACB-A912-F26ED662E9DF}
		{69D0F3C5-060F-4650-9F09-EE6D208F1000} = {74DC46E5-E750-4767-B6C7-5DD27CD5A916}
		{C32D693B-4E15-4C9E-BB8B-1C0D110D5A40} = {F1255BAA-7968-4ACB-A912-F26ED662E9DF}
	EndGlobalSection
EndGlobal
